
Microsoft Visual Studio Solution File, Format Version 12.00
# Visual Studio Version 16
VisualStudioVersion = 16.0.31702.278
MinimumVisualStudioVersion = 10.0.40219.1
Project("{FAE04EC0-301F-11D3-BF4B-00C04F79EFBC}") = "NTP_092922_TextBoxProperties", "NTP_092922_TextBoxProperties.csproj", "{147765C1-9E56-450C-9A08-5EDB5F88FF5F}"
EndProject
Global
	GlobalSection(SolutionConfigurationPlatforms) = preSolution
		Debug|Any CPU = Debug|Any CPU
		Release|Any CPU = Release|Any CPU
	EndGlobalSection
	GlobalSection(ProjectConfigurationPlatforms) = postSolution
		{147765C1-9E56-450C-9A08-5EDB5F88FF5F}.Debug|Any CPU.ActiveCfg = Debug|Any CPU
		{147765C1-9E56-450C-9A08-5EDB5F88FF5F}.Debug|Any CPU.Build.0 = Debug|Any CPU
		{147765C1-9E56-450C-9A08-5EDB5F88FF5F}.Release|Any CPU.ActiveCfg = Release|Any CPU
		{147765C1-9E56-450C-9A08-5EDB5F88FF5F}.Release|Any CPU.Build.0 = Release|Any CPU
	EndGlobalSection
	GlobalSection(SolutionProperties) = preSolution
		HideSolutionNode = FALSE
	EndGlobalSection
	GlobalSection(ExtensibilityGlobals) = postSolution
		SolutionGuid = {4CDA7532-CEDD-4862-BB1B-86A55162B911}
	EndGlobalSection
EndGlobal
