
Microsoft Visual Studio Solution File, Format Version 12.00
# Visual Studio Version 16
VisualStudioVersion = 16.0.31624.102
MinimumVisualStudioVersion = 10.0.40219.1
Project("{FAE04EC0-301F-11D3-BF4B-00C04F79EFBC}") = "SparkySimp.NTPExtensions", "SparkySimp.NTPExtensions\SparkySimp.NTPExtensions.csproj", "{136EFDBF-39DC-4167-ABB5-AD2FA4A5AF22}"
EndProject
Global
	GlobalSection(SolutionConfigurationPlatforms) = preSolution
		Debug|Any CPU = Debug|Any CPU
		Release|Any CPU = Release|Any CPU
	EndGlobalSection
	GlobalSection(ProjectConfigurationPlatforms) = postSolution
		{136EFDBF-39DC-4167-ABB5-AD2FA4A5AF22}.Debug|Any CPU.ActiveCfg = Debug|Any CPU
		{136EFDBF-39DC-4167-ABB5-AD2FA4A5AF22}.Debug|Any CPU.Build.0 = Debug|Any CPU
		{136EFDBF-39DC-4167-ABB5-AD2FA4A5AF22}.Release|Any CPU.ActiveCfg = Release|Any CPU
		{136EFDBF-39DC-4167-ABB5-AD2FA4A5AF22}.Release|Any CPU.Build.0 = Release|Any CPU
	EndGlobalSection
	GlobalSection(SolutionProperties) = preSolution
		HideSolutionNode = FALSE
	EndGlobalSection
	GlobalSection(ExtensibilityGlobals) = postSolution
		SolutionGuid = {45677E09-9493-4241-9A07-1F683A8EBC36}
	EndGlobalSection
EndGlobal
