
Microsoft Visual Studio Solution File, Format Version 12.00
# Visual Studio Version 16
VisualStudioVersion = 16.0.31702.278
MinimumVisualStudioVersion = 10.0.40219.1
Project("{FAE04EC0-301F-11D3-BF4B-00C04F79EFBC}") = "NTP_092922_KeyboardAndCalculator", "NTP_092922_KeyboardAndCalculator.csproj", "{84D51343-1620-453D-8919-194DEA89C699}"
EndProject
Global
	GlobalSection(SolutionConfigurationPlatforms) = preSolution
		Debug|Any CPU = Debug|Any CPU
		Release|Any CPU = Release|Any CPU
	EndGlobalSection
	GlobalSection(ProjectConfigurationPlatforms) = postSolution
		{84D51343-1620-453D-8919-194DEA89C699}.Debug|Any CPU.ActiveCfg = Debug|Any CPU
		{84D51343-1620-453D-8919-194DEA89C699}.Debug|Any CPU.Build.0 = Debug|Any CPU
		{84D51343-1620-453D-8919-194DEA89C699}.Release|Any CPU.ActiveCfg = Release|Any CPU
		{84D51343-1620-453D-8919-194DEA89C699}.Release|Any CPU.Build.0 = Release|Any CPU
	EndGlobalSection
	GlobalSection(SolutionProperties) = preSolution
		HideSolutionNode = FALSE
	EndGlobalSection
	GlobalSection(ExtensibilityGlobals) = postSolution
		SolutionGuid = {73ED4FC2-5351-4337-804B-8417DF4298A3}
	EndGlobalSection
EndGlobal
