
Microsoft Visual Studio Solution File, Format Version 12.00
# Visual Studio Version 16
VisualStudioVersion = 16.0.31702.278
MinimumVisualStudioVersion = 10.0.40219.1
Project("{FAE04EC0-301F-11D3-BF4B-00C04F79EFBC}") = "Yiğit Cemal Öztürk 160 10AZ", "Yiğit Cemal Öztürk 160 10AZ.csproj", "{BFED9F2E-E9F7-4463-9BE9-495F7D997490}"
EndProject
Global
	GlobalSection(SolutionConfigurationPlatforms) = preSolution
		Debug|Any CPU = Debug|Any CPU
		Release|Any CPU = Release|Any CPU
	EndGlobalSection
	GlobalSection(ProjectConfigurationPlatforms) = postSolution
		{BFED9F2E-E9F7-4463-9BE9-495F7D997490}.Debug|Any CPU.ActiveCfg = Debug|Any CPU
		{BFED9F2E-E9F7-4463-9BE9-495F7D997490}.Debug|Any CPU.Build.0 = Debug|Any CPU
		{BFED9F2E-E9F7-4463-9BE9-495F7D997490}.Release|Any CPU.ActiveCfg = Release|Any CPU
		{BFED9F2E-E9F7-4463-9BE9-495F7D997490}.Release|Any CPU.Build.0 = Release|Any CPU
	EndGlobalSection
	GlobalSection(SolutionProperties) = preSolution
		HideSolutionNode = FALSE
	EndGlobalSection
	GlobalSection(ExtensibilityGlobals) = postSolution
		SolutionGuid = {C2E40DBF-4EEC-4403-B4D8-487B0C04F89B}
	EndGlobalSection
EndGlobal
