
Microsoft Visual Studio Solution File, Format Version 12.00
# Visual Studio Version 16
VisualStudioVersion = 16.0.32901.82
MinimumVisualStudioVersion = 10.0.40219.1
Project("{FAE04EC0-301F-11D3-BF4B-00C04F79EFBC}") = "NTP_20221027", "NTP_20221027.csproj", "{18E2E200-B5E6-4663-9D41-33D4665E175D}"
EndProject
Global
	GlobalSection(SolutionConfigurationPlatforms) = preSolution
		Debug|Any CPU = Debug|Any CPU
		Release|Any CPU = Release|Any CPU
	EndGlobalSection
	GlobalSection(ProjectConfigurationPlatforms) = postSolution
		{18E2E200-B5E6-4663-9D41-33D4665E175D}.Debug|Any CPU.ActiveCfg = Debug|Any CPU
		{18E2E200-B5E6-4663-9D41-33D4665E175D}.Debug|Any CPU.Build.0 = Debug|Any CPU
		{18E2E200-B5E6-4663-9D41-33D4665E175D}.Release|Any CPU.ActiveCfg = Release|Any CPU
		{18E2E200-B5E6-4663-9D41-33D4665E175D}.Release|Any CPU.Build.0 = Release|Any CPU
	EndGlobalSection
	GlobalSection(SolutionProperties) = preSolution
		HideSolutionNode = FALSE
	EndGlobalSection
	GlobalSection(ExtensibilityGlobals) = postSolution
		SolutionGuid = {801CC560-8E2E-4BB3-99BC-C89CAA81163F}
	EndGlobalSection
EndGlobal
